// !$*UTF8*$!
{
	archiveVersion = 1;
	classes = {
	};
	objectVersion = 46;
	objects = {

/* Begin PBXBuildFile section */
		D272AD921BEDF2740051D16D /* AppDelegate.swift in Sources */ = {isa = PBXBuildFile; fileRef = D272AD911BEDF2740051D16D /* AppDelegate.swift */; };
		D272AD941BEDF2740051D16D /* ViewController.swift in Sources */ = {isa = PBXBuildFile; fileRef = D272AD931BEDF2740051D16D /* ViewController.swift */; };
		D272AD971BEDF2740051D16D /* Main.storyboard in Resources */ = {isa = PBXBuildFile; fileRef = D272AD951BEDF2740051D16D /* Main.storyboard */; };
		D272AD9A1BEDF2740051D16D /* LoveKeeper.xcdatamodeld in Sources */ = {isa = PBXBuildFile; fileRef = D272AD981BEDF2740051D16D /* LoveKeeper.xcdatamodeld */; };
		D272AD9C1BEDF2740051D16D /* Assets.xcassets in Resources */ = {isa = PBXBuildFile; fileRef = D272AD9B1BEDF2740051D16D /* Assets.xcassets */; };
		D272AD9F1BEDF2740051D16D /* LaunchScreen.storyboard in Resources */ = {isa = PBXBuildFile; fileRef = D272AD9D1BEDF2740051D16D /* LaunchScreen.storyboard */; };
/* End PBXBuildFile section */

/* Begin PBXFileReference section */
		D272AD8E1BEDF2740051D16D /* LoveKeeper.app */ = {isa = PBXFileReference; explicitFileType = wrapper.application; includeInIndex = 0; path = LoveKeeper.app; sourceTree = BUILT_PRODUCTS_DIR; };
		D272AD911BEDF2740051D16D /* AppDelegate.swift */ = {isa = PBXFileReference; lastKnownFileType = sourcecode.swift; path = AppDelegate.swift; sourceTree = "<group>"; };
		D272AD931BEDF2740051D16D /* ViewController.swift */ = {isa = PBXFileReference; lastKnownFileType = sourcecode.swift; path = ViewController.swift; sourceTree = "<group>"; };
		D272AD961BEDF2740051D16D /* Base */ = {isa = PBXFileReference; lastKnownFileType = file.storyboard; name = Base; path = Base.lproj/Main.storyboard; sourceTree = "<group>"; };
		D272AD991BEDF2740051D16D /* LoveKeeper.xcdatamodel */ = {isa = PBXFileReference; lastKnownFileType = wrapper.xcdatamodel; path = LoveKeeper.xcdatamodel; sourceTree = "<group>"; };
		D272AD9B1BEDF2740051D16D /* Assets.xcassets */ = {isa = PBXFileReference; lastKnownFileType = folder.assetcatalog; path = Assets.xcassets; sourceTree = "<group>"; };
		D272AD9E1BEDF2740051D16D /* Base */ = {isa = PBXFileReference; lastKnownFileType = file.storyboard; name = Base; path = Base.lproj/LaunchScreen.storyboard; sourceTree = "<group>"; };
		D272ADA01BEDF2740051D16D /* Info.plist */ = {isa = PBXFileReference; lastKnownFileType = text.plist.xml; path = Info.plist; sourceTree = "<group>"; };
/* End PBXFileReference section */

/* Begin PBXFrameworksBuildPhase section */
		D272AD8B1BEDF2740051D16D /* Frameworks */ = {
			isa = PBXFrameworksBuildPhase;
			buildActionMask = 2147483647;
			files = (
			);
			runOnlyForDeploymentPostprocessing = 0;
		};
/* End PBXFrameworksBuildPhase section */

/* Begin PBXGroup section */
		D272AD851BEDF2740051D16D = {
			isa = PBXGroup;
			children = (
				D272AD901BEDF2740051D16D /* LoveKeeper */,
				D272AD8F1BEDF2740051D16D /* Products */,
			);
			sourceTree = "<group>";
		};
		D272AD8F1BEDF2740051D16D /* Products */ = {
			isa = PBXGroup;
			children = (
				D272AD8E1BEDF2740051D16D /* LoveKeeper.app */,
			);
			name = Products;
			sourceTree = "<group>";
		};
		D272AD901BEDF2740051D16D /* LoveKeeper */ = {
			isa = PBXGroup;
			children = (
				D272AD911BEDF2740051D16D /* AppDelegate.swift */,
				D272AD931BEDF2740051D16D /* ViewController.swift */,
				D272AD951BEDF2740051D16D /* Main.storyboard */,
				D272AD9B1BEDF2740051D16D /* Assets.xcassets */,
				D272AD9D1BEDF2740051D16D /* LaunchScreen.storyboard */,
				D272ADA01BEDF2740051D16D /* Info.plist */,
				D272AD981BEDF2740051D16D /* LoveKeeper.xcdatamodeld */,
			);
			path = LoveKeeper;
			sourceTree = "<group>";
		};
/* End PBXGroup section */

/* Begin PBXNativeTarget section */
		D272AD8D1BEDF2740051D16D /* LoveKeeper */ = {
			isa = PBXNativeTarget;
			buildConfigurationList = D272ADA31BEDF2740051D16D /* Build configuration list for PBXNativeTarget "LoveKeeper" */;
			buildPhases = (
				D272AD8A1BEDF2740051D16D /* Sources */,
				D272AD8B1BEDF2740051D16D /* Frameworks */,
				D272AD8C1BEDF2740051D16D /* Resources */,
			);
			buildRules = (
			);
			dependencies = (
			);
			name = LoveKeeper;
			productName = LoveKeeper;
			productReference = D272AD8E1BEDF2740051D16D /* LoveKeeper.app */;
			productType = "com.apple.product-type.application";
		};
/* End PBXNativeTarget section */

/* Begin PBXProject section */
		D272AD861BEDF2740051D16D /* Project object */ = {
			isa = PBXProject;
			attributes = {
				LastUpgradeCheck = 0700;
				ORGANIZATIONNAME = LoveKeepers;
				TargetAttributes = {
					D272AD8D1BEDF2740051D16D = {
						CreatedOnToolsVersion = 7.0;
					};
				};
			};
			buildConfigurationList = D272AD891BEDF2740051D16D /* Build configuration list for PBXProject "LoveKeeper" */;
			compatibilityVersion = "Xcode 3.2";
			developmentRegion = English;
			hasScannedForEncodings = 0;
			knownRegions = (
				en,
				Base,
			);
			mainGroup = D272AD851BEDF2740051D16D;
			productRefGroup = D272AD8F1BEDF2740051D16D /* Products */;
			projectDirPath = "";
			projectRoot = "";
			targets = (
				D272AD8D1BEDF2740051D16D /* LoveKeeper */,
			);
		};
/* End PBXProject section */

/* Begin PBXResourcesBuildPhase section */
		D272AD8C1BEDF2740051D16D /* Resources */ = {
			isa = PBXResourcesBuildPhase;
			buildActionMask = 2147483647;
			files = (
				D272AD9F1BEDF2740051D16D /* LaunchScreen.storyboard in Resources */,
				D272AD9C1BEDF2740051D16D /* Assets.xcassets in Resources */,
				D272AD971BEDF2740051D16D /* Main.storyboard in Resources */,
			);
			runOnlyForDeploymentPostprocessing = 0;
		};
/* End PBXResourcesBuildPhase section */

/* Begin PBXSourcesBuildPhase section */
		D272AD8A1BEDF2740051D16D /* Sources */ = {
			isa = PBXSourcesBuildPhase;
			buildActionMask = 2147483647;
			files = (
				D272AD941BEDF2740051D16D /* ViewController.swift in Sources */,
				D272AD921BEDF2740051D16D /* AppDelegate.swift in Sources */,
				D272AD9A1BEDF2740051D16D /* LoveKeeper.xcdatamodeld in Sources */,
			);
			runOnlyForDeploymentPostprocessing = 0;
		};
/* End PBXSourcesBuildPhase section */

/* Begin PBXVariantGroup section */
		D272AD951BEDF2740051D16D /* Main.storyboard */ = {
			isa = PBXVariantGroup;
			children = (
				D272AD961BEDF2740051D16D /* Base */,
			);
			name = Main.storyboard;
			sourceTree = "<group>";
		};
		D272AD9D1BEDF2740051D16D /* LaunchScreen.storyboard */ = {
			isa = PBXVariantGroup;
			children = (
				D272AD9E1BEDF2740051D16D /* Base */,
			);
			name = LaunchScreen.storyboard;
			sourceTree = "<group>";
		};
/* End PBXVariantGroup section */

/* Begin XCBuildConfiguration section */
		D272ADA11BEDF2740051D16D /* Debug */ = {
			isa = XCBuildConfiguration;
			buildSettings = {
				ALWAYS_SEARCH_USER_PATHS = NO;
				CLANG_CXX_LANGUAGE_STANDARD = "gnu++0x";
				CLANG_CXX_LIBRARY = "libc++";
				CLANG_ENABLE_MODULES = YES;
				CLANG_ENABLE_OBJC_ARC = YES;
				CLANG_WARN_BOOL_CONVERSION = YES;
				CLANG_WARN_CONSTANT_CONVERSION = YES;
				CLANG_WARN_DIRECT_OBJC_ISA_USAGE = YES_ERROR;
				CLANG_WARN_EMPTY_BODY = YES;
				CLANG_WARN_ENUM_CONVERSION = YES;
				CLANG_WARN_INT_CONVERSION = YES;
				CLANG_WARN_OBJC_ROOT_CLASS = YES_ERROR;
				CLANG_WARN_UNREACHABLE_CODE = YES;
				CLANG_WARN__DUPLICATE_METHOD_MATCH = YES;
				"CODE_SIGN_IDENTITY[sdk=iphoneos*]" = "iPhone Developer";
				COPY_PHASE_STRIP = NO;
				DEBUG_INFORMATION_FORMAT = dwarf;
				ENABLE_STRICT_OBJC_MSGSEND = YES;
				ENABLE_TESTABILITY = YES;
				GCC_C_LANGUAGE_STANDARD = gnu99;
				GCC_DYNAMIC_NO_PIC = NO;
				GCC_NO_COMMON_BLOCKS = YES;
				GCC_OPTIMIZATION_LEVEL = 0;
				GCC_PREPROCESSOR_DEFINITIONS = (
					"DEBUG=1",
					"$(inherited)",
				);
				GCC_WARN_64_TO_32_BIT_CONVERSION = YES;
				GCC_WARN_ABOUT_RETURN_TYPE = YES_ERROR;
				GCC_WARN_UNDECLARED_SELECTOR = YES;
				GCC_WARN_UNINITIALIZED_AUTOS = YES_AGGRESSIVE;
				GCC_WARN_UNUSED_FUNCTION = YES;
				GCC_WARN_UNUSED_VARIABLE = YES;
				IPHONEOS_DEPLOYMENT_TARGET = 9.0;
				MTL_ENABLE_DEBUG_INFO = YES;
				ONLY_ACTIVE_ARCH = YES;
				SDKROOT = iphoneos;
				SWIFT_OPTIMIZATION_LEVEL = "-Onone";
				TARGETED_DEVICE_FAMILY = "1,2";
			};
			name = Debug;
		};
		D272ADA21BEDF2740051D16D /* Release */ = {
			isa = XCBuildConfiguration;
			buildSettings = {
				ALWAYS_SEARCH_USER_PATHS = NO;
				CLANG_CXX_LANGUAGE_STANDARD = "gnu++0x";
				CLANG_CXX_LIBRARY = "libc++";
				CLANG_ENABLE_MODULES = YES;
				CLANG_ENABLE_OBJC_ARC = YES;
				CLANG_WARN_BOOL_CONVERSION = YES;
				CLANG_WARN_CONSTANT_CONVERSION = YES;
				CLANG_WARN_DIRECT_OBJC_ISA_USAGE = YES_ERROR;
				CLANG_WARN_EMPTY_BODY = YES;
				CLANG_WARN_ENUM_CONVERSION = YES;
				CLANG_WARN_INT_CONVERSION = YES;
				CLANG_WARN_OBJC_ROOT_CLASS = YES_ERROR;
				CLANG_WARN_UNREACHABLE_CODE = YES;
				CLANG_WARN__DUPLICATE_METHOD_MATCH = YES;
				"CODE_SIGN_IDENTITY[sdk=iphoneos*]" = "iPhone Developer";
				COPY_PHASE_STRIP = NO;
				DEBUG_INFORMATION_FORMAT = "dwarf-with-dsym";
				ENABLE_NS_ASSERTIONS = NO;
				ENABLE_STRICT_OBJC_MSGSEND = YES;
				GCC_C_LANGUAGE_STANDARD = gnu99;
				GCC_NO_COMMON_BLOCKS = YES;
				GCC_WARN_64_TO_32_BIT_CONVERSION = YES;
				GCC_WARN_ABOUT_RETURN_TYPE = YES_ERROR;
				GCC_WARN_UNDECLARED_SELECTOR = YES;
				GCC_WARN_UNINITIALIZED_AUTOS = YES_AGGRESSIVE;
				GCC_WARN_UNUSED_FUNCTION = YES;
				GCC_WARN_UNUSED_VARIABLE = YES;
				IPHONEOS_DEPLOYMENT_TARGET = 9.0;
				MTL_ENABLE_DEBUG_INFO = NO;
				SDKROOT = iphoneos;
				TARGETED_DEVICE_FAMILY = "1,2";
				VALIDATE_PRODUCT = YES;
			};
			name = Release;
		};
		D272ADA41BEDF2740051D16D /* Debug */ = {
			isa = XCBuildConfiguration;
			buildSettings = {
				ASSETCATALOG_COMPILER_APPICON_NAME = AppIcon;
				INFOPLIST_FILE = LoveKeeper/Info.plist;
				LD_RUNPATH_SEARCH_PATHS = "$(inherited) @executable_path/Frameworks";
				PRODUCT_BUNDLE_IDENTIFIER = LoveKeepers.LoveKeeper;
				PRODUCT_NAME = "$(TARGET_NAME)";
			};
			name = Debug;
		};
		D272ADA51BEDF2740051D16D /* Release */ = {
			isa = XCBuildConfiguration;
			buildSettings = {
				ASSETCATALOG_COMPILER_APPICON_NAME = AppIcon;
				INFOPLIST_FILE = LoveKeeper/Info.plist;
				LD_RUNPATH_SEARCH_PATHS = "$(inherited) @executable_path/Frameworks";
				PRODUCT_BUNDLE_IDENTIFIER = LoveKeepers.LoveKeeper;
				PRODUCT_NAME = "$(TARGET_NAME)";
			};
			name = Release;
		};
/* End XCBuildConfiguration section */

/* Begin XCConfigurationList section */
		D272AD891BEDF2740051D16D /* Build configuration list for PBXProject "LoveKeeper" */ = {
			isa = XCConfigurationList;
			buildConfigurations = (
				D272ADA11BEDF2740051D16D /* Debug */,
				D272ADA21BEDF2740051D16D /* Release */,
			);
			defaultConfigurationIsVisible = 0;
			defaultConfigurationName = Release;
		};
		D272ADA31BEDF2740051D16D /* Build configuration list for PBXNativeTarget "LoveKeeper" */ = {
			isa = XCConfigurationList;
			buildConfigurations = (
				D272ADA41BEDF2740051D16D /* Debug */,
				D272ADA51BEDF2740051D16D /* Release */,
			);
			defaultConfigurationIsVisible = 0;
		};
/* End XCConfigurationList section */

/* Begin XCVersionGroup section */
		D272AD981BEDF2740051D16D /* LoveKeeper.xcdatamodeld */ = {
			isa = XCVersionGroup;
			children = (
				D272AD991BEDF2740051D16D /* LoveKeeper.xcdatamodel */,
			);
			currentVersion = D272AD991BEDF2740051D16D /* LoveKeeper.xcdatamodel */;
			path = LoveKeeper.xcdatamodeld;
			sourceTree = "<group>";
			versionGroupType = wrapper.xcdatamodel;
		};
/* End XCVersionGroup section */
	};
	rootObject = D272AD861BEDF2740051D16D /* Project object */;
}
